{
  "name": "com.vanmoof",
  "version": "1.0.0",
  "lockfileVersion": 1,
  "requires": true,
  "dependencies": {
    "@tsconfig/node12": {
      "version": "1.0.9",
      "resolved": "https://registry.npmjs.org/@tsconfig/node12/-/node12-1.0.9.tgz",
      "integrity": "sha512-/yBMcem+fbvhSREH+s14YJi18sp7J9jpuhYByADT2rypfajMZZN4WQ6zBGgBKp53NKmqI36wFYDb3yaMPurITw==",
      "dev": true
    },
    "@types/homey": {
      "version": "npm:homey-apps-sdk-v3-types@0.2.2",
      "resolved": "https://registry.npmjs.org/homey-apps-sdk-v3-types/-/homey-apps-sdk-v3-types-0.2.2.tgz",
      "integrity": "sha512-FS0ahnOTs3e5BBlL/q8dD/mFcoCZeqH+BIrjZ4krQjybpAvyDA0cqQm9ROUxNbcUoVVNStCEBJEooSvJR1HSmg==",
      "dev": true,
      "requires": {
        "@types/node": "^14.14.20"
      },
      "dependencies": {
        "@types/node": {
          "version": "14.17.14",
          "resolved": "https://registry.npmjs.org/@types/node/-/node-14.17.14.tgz",
          "integrity": "sha512-rsAj2u8Xkqfc332iXV12SqIsjVi07H479bOP4q94NAcjzmAvapumEhuVIt53koEf7JFrpjgNKjBga5Pnn/GL8A==",
          "dev": true
        }
      }
    },
    "@types/node": {
      "version": "16.7.12",
      "resolved": "https://registry.npmjs.org/@types/node/-/node-16.7.12.tgz",
      "integrity": "sha512-IrhrusVM9QJAn1xLFFqbZH+XCI8L6eZoVHjR4sZeGTBBvjQSuchXGgKpown1jP75TCMSndcbudYBDTekOhcIZA==",
      "dev": true
    },
    "@types/source-map-support": {
      "version": "0.5.4",
      "resolved": "https://registry.npmjs.org/@types/source-map-support/-/source-map-support-0.5.4.tgz",
      "integrity": "sha512-9zGujX1sOPg32XLyfgEB/0G9ZnrjthL/Iv1ZfuAjj8LEilHZEpQSQs1scpRXPhHzGYgWiLz9ldF1cI8JhL+yMw==",
      "dev": true,
      "requires": {
        "source-map": "^0.6.0"
      }
    },
    "buffer-from": {
      "version": "1.1.2",
      "resolved": "https://registry.npmjs.org/buffer-from/-/buffer-from-1.1.2.tgz",
      "integrity": "sha512-E+XQCRwSbaaiChtv6k6Dwgc+bx+Bs6vuKJHHl5kox/BaKbhiXzqQOwK4cO22yElGp2OCmjwVhT3HmxgyPGnJfQ=="
    },
    "source-map": {
      "version": "0.6.1",
      "resolved": "https://registry.npmjs.org/source-map/-/source-map-0.6.1.tgz",
      "integrity": "sha512-UjgapumWlbMhkBgzT7Ykc5YXUT46F0iKu8SGXq0bcwP5dz/h0Plj6enJqjz1Zbq2l5WaqYnrVbwWOWMyF3F47g=="
    },
    "source-map-support": {
      "version": "0.5.19",
      "resolved": "https://registry.npmjs.org/source-map-support/-/source-map-support-0.5.19.tgz",
      "integrity": "sha512-Wonm7zOCIJzBGQdB+thsPar0kYuCIzYvxZwlBa87yi/Mdjv7Tip2cyVbLj5o0cFPN4EVkuTwb3GDDyUx2DGnGw==",
      "requires": {
        "buffer-from": "^1.0.0",
        "source-map": "^0.6.0"
      }
    },
    "typescript": {
      "version": "4.4.2",
      "resolved": "https://registry.npmjs.org/typescript/-/typescript-4.4.2.tgz",
      "integrity": "sha512-gzP+t5W4hdy4c+68bfcv0t400HVJMMd2+H9B7gae1nQlBzCqvrXX+6GL/b3GAgyTH966pzrZ70/fRjwAtZksSQ==",
      "dev": true
    }
  }
}
